
Microsoft Visual Studio Solution File, Format Version 12.00
# Visual Studio 15
VisualStudioVersion = 15.0.27703.2026
MinimumVisualStudioVersion = 10.0.40219.1
Project("{FAE04EC0-301F-11D3-BF4B-00C04F79EFBC}") = "MotionSteel", "MotionSteel\MotionSteel.csproj", "{CC4C0CFB-693E-46A7-871A-B914A7360469}"
EndProject
Global
	GlobalSection(SolutionConfigurationPlatforms) = preSolution
		Debug|Any CPU = Debug|Any CPU
		Release|Any CPU = Release|Any CPU
	EndGlobalSection
	GlobalSection(ProjectConfigurationPlatforms) = postSolution
		{CC4C0CFB-693E-46A7-871A-B914A7360469}.Debug|Any CPU.ActiveCfg = Debug|Any CPU
		{CC4C0CFB-693E-46A7-871A-B914A7360469}.Debug|Any CPU.Build.0 = Debug|Any CPU
		{CC4C0CFB-693E-46A7-871A-B914A7360469}.Release|Any CPU.ActiveCfg = Release|Any CPU
		{CC4C0CFB-693E-46A7-871A-B914A7360469}.Release|Any CPU.Build.0 = Release|Any CPU
	EndGlobalSection
	GlobalSection(SolutionProperties) = preSolution
		HideSolutionNode = FALSE
	EndGlobalSection
	GlobalSection(ExtensibilityGlobals) = postSolution
		SolutionGuid = {C573F014-6A71-4FF0-B2D3-9DE980EA4D06}
	EndGlobalSection
EndGlobal
